{
  "name": "operate_system",
  "version": "0.1.0",
  "lockfileVersion": 1,
  "requires": true,
  "dependencies": {
    "nested-json-to-table": {
      "version": "0.1.1",
      "resolved": "https://registry.npmjs.org/nested-json-to-table/-/nested-json-to-table-0.1.1.tgz",
      "integrity": "sha512-82Q+MkgCG9+UqyNkZ698Wfa4C1/CGHVU9xM7no838f1mMNC9/qqKT/G8QVh3wz+qkuCjRSw41kBmcsoiUPrMVw==",
      "requires": {
        "xmlbuilder": "^10.0.0"
      }
    },
    "v-tag-cloud": {
      "version": "1.0.3",
      "resolved": "http://registry.npm.taobao.org/v-tag-cloud/download/v-tag-cloud-1.0.3.tgz",
      "integrity": "sha1-6hLfk71flEJv+S1gdv01a4qYOvM=",
      "requires": {
        "vue": "^2.5.11"
      },
      "dependencies": {
        "vue": {
          "version": "2.5.17",
          "resolved": "http://registry.npm.taobao.org/vue/download/vue-2.5.17.tgz",
          "integrity": "sha1-D4eJrXGL5oyhhyYpgy7VM1icato="
        }
      }
    },
    "xmlbuilder": {
      "version": "10.1.1",
      "resolved": "https://registry.npmjs.org/xmlbuilder/-/xmlbuilder-10.1.1.tgz",
      "integrity": "sha512-OyzrcFLL/nb6fMGHbiRDuPup9ljBycsdCypwuyg5AAHvyWzGfChJpCXMG88AGTIMFhGZ9RccFN1e6lhg3hkwKg=="
    },
    "yarn": {
      "version": "1.12.3",
      "resolved": "https://registry.npmjs.org/yarn/-/yarn-1.12.3.tgz",
      "integrity": "sha512-8f5rWNDvkhAmCxmn8C0LsNWMxTYVk4VGKiq0sIB6HGZjaZTHsGIH87SUmVDUEd2Wk54bqKoUlbVWgQFCQhRkVw=="
    }
  }
}
